
Microsoft Visual Studio Solution File, Format Version 12.00
# Visual Studio Version 17
VisualStudioVersion = 17.14.36414.22 d17.14
MinimumVisualStudioVersion = 10.0.40219.1
Project("{FAE04EC0-301F-11D3-BF4B-00C04F79EFBC}") = "ButorokJSON", "ButorokJSON.csproj", "{3FB9612C-99D4-4B14-8100-F7BE549B212E}"
EndProject
Global
	GlobalSection(SolutionConfigurationPlatforms) = preSolution
		Debug|Any CPU = Debug|Any CPU
		Release|Any CPU = Release|Any CPU
	EndGlobalSection
	GlobalSection(ProjectConfigurationPlatforms) = postSolution
		{3FB9612C-99D4-4B14-8100-F7BE549B212E}.Debug|Any CPU.ActiveCfg = Debug|Any CPU
		{3FB9612C-99D4-4B14-8100-F7BE549B212E}.Debug|Any CPU.Build.0 = Debug|Any CPU
		{3FB9612C-99D4-4B14-8100-F7BE549B212E}.Release|Any CPU.ActiveCfg = Release|Any CPU
		{3FB9612C-99D4-4B14-8100-F7BE549B212E}.Release|Any CPU.Build.0 = Release|Any CPU
	EndGlobalSection
	GlobalSection(SolutionProperties) = preSolution
		HideSolutionNode = FALSE
	EndGlobalSection
	GlobalSection(ExtensibilityGlobals) = postSolution
		SolutionGuid = {A51EE8AE-0758-4A2E-BF81-7F11C8711256}
	EndGlobalSection
EndGlobal
